{
  "object": {
    "pins": [
      {
        "package": "Tiqr",
        "repositoryURL": "https://github.com/SURFnet/tiqr-app-core-ios",
        "state": {
          "branch": "develop",
          "revision": "08e0e5853c3bf6a542c5ea543427f9742634b44d",
          "version": null
        }
      }
    ]
  },
  "version": 1
}
