{
  "object": {
    "pins": [
      {
        "package": "Tiqr",
        "repositoryURL": "https://github.com/SURFnet/tiqr-app-core-ios",
        "state": {
          "branch": "develop",
          "revision": "c04a61d24ff8e5c76eec4cdc8e14025187ee10fb",
          "version": null
        }
      }
    ]
  },
  "version": 1
}
