{
  "object": {
    "pins": [
      {
        "package": "Tiqr",
        "repositoryURL": "https://github.com/SURFnet/tiqr-app-core-ios",
        "state": {
          "branch": "develop",
          "revision": "3c8737a6e0e42119ff6ef5a19e7a5187766ff257",
          "version": null
        }
      }
    ]
  },
  "version": 1
}
