{
  "object": {
    "pins": [
      {
        "package": "Tiqr",
        "repositoryURL": "https://github.com/SURFnet/tiqr-app-core-ios",
        "state": {
          "branch": "develop",
          "revision": "2e2b1b9e2ebd8298c6d11250c6b660830339b8be",
          "version": null
        }
      }
    ]
  },
  "version": 1
}
