{
  "object": {
    "pins": [
      {
        "package": "Tiqr",
        "repositoryURL": "https://github.com/Tiqr/tiqr-app-core-ios",
        "state": {
          "branch": "develop",
          "revision": "e835907fdbecb9b5157cc7aeaca143110fda9039",
          "version": null
        }
      }
    ]
  },
  "version": 1
}
