{
  "pins" : [
    {
      "identity" : "tiqr-app-core-ios",
      "kind" : "remoteSourceControl",
      "location" : "https://github.com/Tiqr/tiqr-app-core-ios",
      "state" : {
        "branch" : "develop",
        "revision" : "c371c78781f47a29500d3aa141f34f32b513b8a3"
      }
    }
  ],
  "version" : 2
}
